// !$*UTF8*$!
{
	archiveVersion = 1;
	classes = {
	};
	objectVersion = 46;
	objects = {

/* Begin PBXBuildFile section */
		A83AABF51B4A189700BC24F1 /* main.m in Sources */ = {isa = PBXBuildFile; fileRef = A83AABF41B4A189700BC24F1 /* main.m */; };
		A83AABF81B4A189700BC24F1 /* AppDelegate.m in Sources */ = {isa = PBXBuildFile; fileRef = A83AABF71B4A189700BC24F1 /* AppDelegate.m */; };
		A83AABFB1B4A189700BC24F1 /* _.xcdatamodeld in Sources */ = {isa = PBXBuildFile; fileRef = A83AABF91B4A189700BC24F1 /* _.xcdatamodeld */; };
		A83AABFE1B4A189700BC24F1 /* ViewController.m in Sources */ = {isa = PBXBuildFile; fileRef = A83AABFD1B4A189700BC24F1 /* ViewController.m */; };
		A83AAC011B4A189700BC24F1 /* Main.storyboard in Resources */ = {isa = PBXBuildFile; fileRef = A83AABFF1B4A189700BC24F1 /* Main.storyboard */; };
		A83AAC031B4A189700BC24F1 /* Images.xcassets in Resources */ = {isa = PBXBuildFile; fileRef = A83AAC021B4A189700BC24F1 /* Images.xcassets */; };
		A83AAC061B4A189700BC24F1 /* LaunchScreen.xib in Resources */ = {isa = PBXBuildFile; fileRef = A83AAC041B4A189700BC24F1 /* LaunchScreen.xib */; };
		A83AAC121B4A189700BC24F1 /* _Tests.m in Sources */ = {isa = PBXBuildFile; fileRef = A83AAC111B4A189700BC24F1 /* _Tests.m */; };
/* End PBXBuildFile section */

/* Begin PBXContainerItemProxy section */
		A83AAC0C1B4A189700BC24F1 /* PBXContainerItemProxy */ = {
			isa = PBXContainerItemProxy;
			containerPortal = A83AABE71B4A189700BC24F1 /* Project object */;
			proxyType = 1;
			remoteGlobalIDString = A83AABEE1B4A189700BC24F1;
			remoteInfo = 1;
		};
/* End PBXContainerItemProxy section */

/* Begin PBXFileReference section */
		A83AABEF1B4A189700BC24F1 /* 1.app */ = {isa = PBXFileReference; explicitFileType = wrapper.application; includeInIndex = 0; path = 1.app; sourceTree = BUILT_PRODUCTS_DIR; };
		A83AABF31B4A189700BC24F1 /* Info.plist */ = {isa = PBXFileReference; lastKnownFileType = text.plist.xml; path = Info.plist; sourceTree = "<group>"; };
		A83AABF41B4A189700BC24F1 /* main.m */ = {isa = PBXFileReference; lastKnownFileType = sourcecode.c.objc; path = main.m; sourceTree = "<group>"; };
		A83AABF61B4A189700BC24F1 /* AppDelegate.h */ = {isa = PBXFileReference; lastKnownFileType = sourcecode.c.h; path = AppDelegate.h; sourceTree = "<group>"; };
		A83AABF71B4A189700BC24F1 /* AppDelegate.m */ = {isa = PBXFileReference; lastKnownFileType = sourcecode.c.objc; path = AppDelegate.m; sourceTree = "<group>"; };
		A83AABFA1B4A189700BC24F1 /* _.xcdatamodel */ = {isa = PBXFileReference; lastKnownFileType = wrapper.xcdatamodel; path = _.xcdatamodel; sourceTree = "<group>"; };
		A83AABFC1B4A189700BC24F1 /* ViewController.h */ = {isa = PBXFileReference; lastKnownFileType = sourcecode.c.h; path = ViewController.h; sourceTree = "<group>"; };
		A83AABFD1B4A189700BC24F1 /* ViewController.m */ = {isa = PBXFileReference; lastKnownFileType = sourcecode.c.objc; path = ViewController.m; sourceTree = "<group>"; };
		A83AAC001B4A189700BC24F1 /* Base */ = {isa = PBXFileReference; lastKnownFileType = file.storyboard; name = Base; path = Base.lproj/Main.storyboard; sourceTree = "<group>"; };
		A83AAC021B4A189700BC24F1 /* Images.xcassets */ = {isa = PBXFileReference; lastKnownFileType = folder.assetcatalog; path = Images.xcassets; sourceTree = "<group>"; };
		A83AAC051B4A189700BC24F1 /* Base */ = {isa = PBXFileReference; lastKnownFileType = file.xib; name = Base; path = Base.lproj/LaunchScreen.xib; sourceTree = "<group>"; };
		A83AAC0B1B4A189700BC24F1 /* 1Tests.xctest */ = {isa = PBXFileReference; explicitFileType = wrapper.cfbundle; includeInIndex = 0; path = 1Tests.xctest; sourceTree = BUILT_PRODUCTS_DIR; };
		A83AAC101B4A189700BC24F1 /* Info.plist */ = {isa = PBXFileReference; lastKnownFileType = text.plist.xml; path = Info.plist; sourceTree = "<group>"; };
		A83AAC111B4A189700BC24F1 /* _Tests.m */ = {isa = PBXFileReference; lastKnownFileType = sourcecode.c.objc; path = _Tests.m; sourceTree = "<group>"; };
/* End PBXFileReference section */

/* Begin PBXFrameworksBuildPhase section */
		A83AABEC1B4A189700BC24F1 /* Frameworks */ = {
			isa = PBXFrameworksBuildPhase;
			buildActionMask = 2147483647;
			files = (
			);
			runOnlyForDeploymentPostprocessing = 0;
		};
		A83AAC081B4A189700BC24F1 /* Frameworks */ = {
			isa = PBXFrameworksBuildPhase;
			buildActionMask = 2147483647;
			files = (
			);
			runOnlyForDeploymentPostprocessing = 0;
		};
/* End PBXFrameworksBuildPhase section */

/* Begin PBXGroup section */
		A83AABE61B4A189700BC24F1 = {
			isa = PBXGroup;
			children = (
				A83AABF11B4A189700BC24F1 /* 1 */,
				A83AAC0E1B4A189700BC24F1 /* 1Tests */,
				A83AABF01B4A189700BC24F1 /* Products */,
			);
			sourceTree = "<group>";
		};
		A83AABF01B4A189700BC24F1 /* Products */ = {
			isa = PBXGroup;
			children = (
				A83AABEF1B4A189700BC24F1 /* 1.app */,
				A83AAC0B1B4A189700BC24F1 /* 1Tests.xctest */,
			);
			name = Products;
			sourceTree = "<group>";
		};
		A83AABF11B4A189700BC24F1 /* 1 */ = {
			isa = PBXGroup;
			children = (
				A83AABF61B4A189700BC24F1 /* AppDelegate.h */,
				A83AABF71B4A189700BC24F1 /* AppDelegate.m */,
				A83AABFC1B4A189700BC24F1 /* ViewController.h */,
				A83AABFD1B4A189700BC24F1 /* ViewController.m */,
				A83AABFF1B4A189700BC24F1 /* Main.storyboard */,
				A83AAC021B4A189700BC24F1 /* Images.xcassets */,
				A83AAC041B4A189700BC24F1 /* LaunchScreen.xib */,
				A83AABF91B4A189700BC24F1 /* _.xcdatamodeld */,
				A83AABF21B4A189700BC24F1 /* Supporting Files */,
			);
			path = 1;
			sourceTree = "<group>";
		};
		A83AABF21B4A189700BC24F1 /* Supporting Files */ = {
			isa = PBXGroup;
			children = (
				A83AABF31B4A189700BC24F1 /* Info.plist */,
				A83AABF41B4A189700BC24F1 /* main.m */,
			);
			name = "Supporting Files";
			sourceTree = "<group>";
		};
		A83AAC0E1B4A189700BC24F1 /* 1Tests */ = {
			isa = PBXGroup;
			children = (
				A83AAC111B4A189700BC24F1 /* _Tests.m */,
				A83AAC0F1B4A189700BC24F1 /* Supporting Files */,
			);
			path = 1Tests;
			sourceTree = "<group>";
		};
		A83AAC0F1B4A189700BC24F1 /* Supporting Files */ = {
			isa = PBXGroup;
			children = (
				A83AAC101B4A189700BC24F1 /* Info.plist */,
			);
			name = "Supporting Files";
			sourceTree = "<group>";
		};
/* End PBXGroup section */

/* Begin PBXNativeTarget section */
		A83AABEE1B4A189700BC24F1 /* 1 */ = {
			isa = PBXNativeTarget;
			buildConfigurationList = A83AAC151B4A189700BC24F1 /* Build configuration list for PBXNativeTarget "1" */;
			buildPhases = (
				A83AABEB1B4A189700BC24F1 /* Sources */,
				A83AABEC1B4A189700BC24F1 /* Frameworks */,
				A83AABED1B4A189700BC24F1 /* Resources */,
			);
			buildRules = (
			);
			dependencies = (
			);
			name = 1;
			productName = 1;
			productReference = A83AABEF1B4A189700BC24F1 /* 1.app */;
			productType = "com.apple.product-type.application";
		};
		A83AAC0A1B4A189700BC24F1 /* 1Tests */ = {
			isa = PBXNativeTarget;
			buildConfigurationList = A83AAC181B4A189700BC24F1 /* Build configuration list for PBXNativeTarget "1Tests" */;
			buildPhases = (
				A83AAC071B4A189700BC24F1 /* Sources */,
				A83AAC081B4A189700BC24F1 /* Frameworks */,
				A83AAC091B4A189700BC24F1 /* Resources */,
			);
			buildRules = (
			);
			dependencies = (
				A83AAC0D1B4A189700BC24F1 /* PBXTargetDependency */,
			);
			name = 1Tests;
			productName = 1Tests;
			productReference = A83AAC0B1B4A189700BC24F1 /* 1Tests.xctest */;
			productType = "com.apple.product-type.bundle.unit-test";
		};
/* End PBXNativeTarget section */

/* Begin PBXProject section */
		A83AABE71B4A189700BC24F1 /* Project object */ = {
			isa = PBXProject;
			attributes = {
				LastUpgradeCheck = 0620;
				ORGANIZATIONNAME = cloud7;
				TargetAttributes = {
					A83AABEE1B4A189700BC24F1 = {
						CreatedOnToolsVersion = 6.2;
					};
					A83AAC0A1B4A189700BC24F1 = {
						CreatedOnToolsVersion = 6.2;
						TestTargetID = A83AABEE1B4A189700BC24F1;
					};
				};
			};
			buildConfigurationList = A83AABEA1B4A189700BC24F1 /* Build configuration list for PBXProject "1" */;
			compatibilityVersion = "Xcode 3.2";
			developmentRegion = English;
			hasScannedForEncodings = 0;
			knownRegions = (
				en,
				Base,
			);
			mainGroup = A83AABE61B4A189700BC24F1;
			productRefGroup = A83AABF01B4A189700BC24F1 /* Products */;
			projectDirPath = "";
			projectRoot = "";
			targets = (
				A83AABEE1B4A189700BC24F1 /* 1 */,
				A83AAC0A1B4A189700BC24F1 /* 1Tests */,
			);
		};
/* End PBXProject section */

/* Begin PBXResourcesBuildPhase section */
		A83AABED1B4A189700BC24F1 /* Resources */ = {
			isa = PBXResourcesBuildPhase;
			buildActionMask = 2147483647;
			files = (
				A83AAC011B4A189700BC24F1 /* Main.storyboard in Resources */,
				A83AAC061B4A189700BC24F1 /* LaunchScreen.xib in Resources */,
				A83AAC031B4A189700BC24F1 /* Images.xcassets in Resources */,
			);
			runOnlyForDeploymentPostprocessing = 0;
		};
		A83AAC091B4A189700BC24F1 /* Resources */ = {
			isa = PBXResourcesBuildPhase;
			buildActionMask = 2147483647;
			files = (
			);
			runOnlyForDeploymentPostprocessing = 0;
		};
/* End PBXResourcesBuildPhase section */

/* Begin PBXSourcesBuildPhase section */
		A83AABEB1B4A189700BC24F1 /* Sources */ = {
			isa = PBXSourcesBuildPhase;
			buildActionMask = 2147483647;
			files = (
				A83AABF81B4A189700BC24F1 /* AppDelegate.m in Sources */,
				A83AABFB1B4A189700BC24F1 /* _.xcdatamodeld in Sources */,
				A83AABFE1B4A189700BC24F1 /* ViewController.m in Sources */,
				A83AABF51B4A189700BC24F1 /* main.m in Sources */,
			);
			runOnlyForDeploymentPostprocessing = 0;
		};
		A83AAC071B4A189700BC24F1 /* Sources */ = {
			isa = PBXSourcesBuildPhase;
			buildActionMask = 2147483647;
			files = (
				A83AAC121B4A189700BC24F1 /* _Tests.m in Sources */,
			);
			runOnlyForDeploymentPostprocessing = 0;
		};
/* End PBXSourcesBuildPhase section */

/* Begin PBXTargetDependency section */
		A83AAC0D1B4A189700BC24F1 /* PBXTargetDependency */ = {
			isa = PBXTargetDependency;
			target = A83AABEE1B4A189700BC24F1 /* 1 */;
			targetProxy = A83AAC0C1B4A189700BC24F1 /* PBXContainerItemProxy */;
		};
/* End PBXTargetDependency section */

/* Begin PBXVariantGroup section */
		A83AABFF1B4A189700BC24F1 /* Main.storyboard */ = {
			isa = PBXVariantGroup;
			children = (
				A83AAC001B4A189700BC24F1 /* Base */,
			);
			name = Main.storyboard;
			sourceTree = "<group>";
		};
		A83AAC041B4A189700BC24F1 /* LaunchScreen.xib */ = {
			isa = PBXVariantGroup;
			children = (
				A83AAC051B4A189700BC24F1 /* Base */,
			);
			name = LaunchScreen.xib;
			sourceTree = "<group>";
		};
/* End PBXVariantGroup section */

/* Begin XCBuildConfiguration section */
		A83AAC131B4A189700BC24F1 /* Debug */ = {
			isa = XCBuildConfiguration;
			buildSettings = {
				ALWAYS_SEARCH_USER_PATHS = NO;
				CLANG_CXX_LANGUAGE_STANDARD = "gnu++0x";
				CLANG_CXX_LIBRARY = "libc++";
				CLANG_ENABLE_MODULES = YES;
				CLANG_ENABLE_OBJC_ARC = YES;
				CLANG_WARN_BOOL_CONVERSION = YES;
				CLANG_WARN_CONSTANT_CONVERSION = YES;
				CLANG_WARN_DIRECT_OBJC_ISA_USAGE = YES_ERROR;
				CLANG_WARN_EMPTY_BODY = YES;
				CLANG_WARN_ENUM_CONVERSION = YES;
				CLANG_WARN_INT_CONVERSION = YES;
				CLANG_WARN_OBJC_ROOT_CLASS = YES_ERROR;
				CLANG_WARN_UNREACHABLE_CODE = YES;
				CLANG_WARN__DUPLICATE_METHOD_MATCH = YES;
				"CODE_SIGN_IDENTITY[sdk=iphoneos*]" = "iPhone Developer";
				COPY_PHASE_STRIP = NO;
				ENABLE_STRICT_OBJC_MSGSEND = YES;
				GCC_C_LANGUAGE_STANDARD = gnu99;
				GCC_DYNAMIC_NO_PIC = NO;
				GCC_OPTIMIZATION_LEVEL = 0;
				GCC_PREPROCESSOR_DEFINITIONS = (
					"DEBUG=1",
					"$(inherited)",
				);
				GCC_SYMBOLS_PRIVATE_EXTERN = NO;
				GCC_WARN_64_TO_32_BIT_CONVERSION = YES;
				GCC_WARN_ABOUT_RETURN_TYPE = YES_ERROR;
				GCC_WARN_UNDECLARED_SELECTOR = YES;
				GCC_WARN_UNINITIALIZED_AUTOS = YES_AGGRESSIVE;
				GCC_WARN_UNUSED_FUNCTION = YES;
				GCC_WARN_UNUSED_VARIABLE = YES;
				IPHONEOS_DEPLOYMENT_TARGET = 8.2;
				MTL_ENABLE_DEBUG_INFO = YES;
				ONLY_ACTIVE_ARCH = YES;
				SDKROOT = iphoneos;
			};
			name = Debug;
		};
		A83AAC141B4A189700BC24F1 /* Release */ = {
			isa = XCBuildConfiguration;
			buildSettings = {
				ALWAYS_SEARCH_USER_PATHS = NO;
				CLANG_CXX_LANGUAGE_STANDARD = "gnu++0x";
				CLANG_CXX_LIBRARY = "libc++";
				CLANG_ENABLE_MODULES = YES;
				CLANG_ENABLE_OBJC_ARC = YES;
				CLANG_WARN_BOOL_CONVERSION = YES;
				CLANG_WARN_CONSTANT_CONVERSION = YES;
				CLANG_WARN_DIRECT_OBJC_ISA_USAGE = YES_ERROR;
				CLANG_WARN_EMPTY_BODY = YES;
				CLANG_WARN_ENUM_CONVERSION = YES;
				CLANG_WARN_INT_CONVERSION = YES;
				CLANG_WARN_OBJC_ROOT_CLASS = YES_ERROR;
				CLANG_WARN_UNREACHABLE_CODE = YES;
				CLANG_WARN__DUPLICATE_METHOD_MATCH = YES;
				"CODE_SIGN_IDENTITY[sdk=iphoneos*]" = "iPhone Developer";
				COPY_PHASE_STRIP = NO;
				ENABLE_NS_ASSERTIONS = NO;
				ENABLE_STRICT_OBJC_MSGSEND = YES;
				GCC_C_LANGUAGE_STANDARD = gnu99;
				GCC_WARN_64_TO_32_BIT_CONVERSION = YES;
				GCC_WARN_ABOUT_RETURN_TYPE = YES_ERROR;
				GCC_WARN_UNDECLARED_SELECTOR = YES;
				GCC_WARN_UNINITIALIZED_AUTOS = YES_AGGRESSIVE;
				GCC_WARN_UNUSED_FUNCTION = YES;
				GCC_WARN_UNUSED_VARIABLE = YES;
				IPHONEOS_DEPLOYMENT_TARGET = 8.2;
				MTL_ENABLE_DEBUG_INFO = NO;
				SDKROOT = iphoneos;
				VALIDATE_PRODUCT = YES;
			};
			name = Release;
		};
		A83AAC161B4A189700BC24F1 /* Debug */ = {
			isa = XCBuildConfiguration;
			buildSettings = {
				ASSETCATALOG_COMPILER_APPICON_NAME = AppIcon;
				INFOPLIST_FILE = 1/Info.plist;
				LD_RUNPATH_SEARCH_PATHS = "$(inherited) @executable_path/Frameworks";
				PRODUCT_NAME = "$(TARGET_NAME)";
			};
			name = Debug;
		};
		A83AAC171B4A189700BC24F1 /* Release */ = {
			isa = XCBuildConfiguration;
			buildSettings = {
				ASSETCATALOG_COMPILER_APPICON_NAME = AppIcon;
				INFOPLIST_FILE = 1/Info.plist;
				LD_RUNPATH_SEARCH_PATHS = "$(inherited) @executable_path/Frameworks";
				PRODUCT_NAME = "$(TARGET_NAME)";
			};
			name = Release;
		};
		A83AAC191B4A189700BC24F1 /* Debug */ = {
			isa = XCBuildConfiguration;
			buildSettings = {
				BUNDLE_LOADER = "$(TEST_HOST)";
				FRAMEWORK_SEARCH_PATHS = (
					"$(SDKROOT)/Developer/Library/Frameworks",
					"$(inherited)",
				);
				GCC_PREPROCESSOR_DEFINITIONS = (
					"DEBUG=1",
					"$(inherited)",
				);
				INFOPLIST_FILE = 1Tests/Info.plist;
				LD_RUNPATH_SEARCH_PATHS = "$(inherited) @executable_path/Frameworks @loader_path/Frameworks";
				PRODUCT_NAME = "$(TARGET_NAME)";
				TEST_HOST = "$(BUILT_PRODUCTS_DIR)/1.app/1";
			};
			name = Debug;
		};
		A83AAC1A1B4A189700BC24F1 /* Release */ = {
			isa = XCBuildConfiguration;
			buildSettings = {
				BUNDLE_LOADER = "$(TEST_HOST)";
				FRAMEWORK_SEARCH_PATHS = (
					"$(SDKROOT)/Developer/Library/Frameworks",
					"$(inherited)",
				);
				INFOPLIST_FILE = 1Tests/Info.plist;
				LD_RUNPATH_SEARCH_PATHS = "$(inherited) @executable_path/Frameworks @loader_path/Frameworks";
				PRODUCT_NAME = "$(TARGET_NAME)";
				TEST_HOST = "$(BUILT_PRODUCTS_DIR)/1.app/1";
			};
			name = Release;
		};
/* End XCBuildConfiguration section */

/* Begin XCConfigurationList section */
		A83AABEA1B4A189700BC24F1 /* Build configuration list for PBXProject "1" */ = {
			isa = XCConfigurationList;
			buildConfigurations = (
				A83AAC131B4A189700BC24F1 /* Debug */,
				A83AAC141B4A189700BC24F1 /* Release */,
			);
			defaultConfigurationIsVisible = 0;
			defaultConfigurationName = Release;
		};
		A83AAC151B4A189700BC24F1 /* Build configuration list for PBXNativeTarget "1" */ = {
			isa = XCConfigurationList;
			buildConfigurations = (
				A83AAC161B4A189700BC24F1 /* Debug */,
				A83AAC171B4A189700BC24F1 /* Release */,
			);
			defaultConfigurationIsVisible = 0;
		};
		A83AAC181B4A189700BC24F1 /* Build configuration list for PBXNativeTarget "1Tests" */ = {
			isa = XCConfigurationList;
			buildConfigurations = (
				A83AAC191B4A189700BC24F1 /* Debug */,
				A83AAC1A1B4A189700BC24F1 /* Release */,
			);
			defaultConfigurationIsVisible = 0;
		};
/* End XCConfigurationList section */

/* Begin XCVersionGroup section */
		A83AABF91B4A189700BC24F1 /* _.xcdatamodeld */ = {
			isa = XCVersionGroup;
			children = (
				A83AABFA1B4A189700BC24F1 /* _.xcdatamodel */,
			);
			currentVersion = A83AABFA1B4A189700BC24F1 /* _.xcdatamodel */;
			path = _.xcdatamodeld;
			sourceTree = "<group>";
			versionGroupType = wrapper.xcdatamodel;
		};
/* End XCVersionGroup section */
	};
	rootObject = A83AABE71B4A189700BC24F1 /* Project object */;
}
